
Microsoft Visual Studio Solution File, Format Version 12.00
# Visual Studio Version 17
VisualStudioVersion = 17.5.002.0
MinimumVisualStudioVersion = 10.0.40219.1
Project("{9A19103F-16F7-4668-BE54-9A1E7A4F7556}") = "Task9", "Task9\Task9.csproj", "{DAD4E5ED-4865-4CCD-BA18-D0ED286D9BE1}"
EndProject
Global
	GlobalSection(SolutionConfigurationPlatforms) = preSolution
		Debug|Any CPU = Debug|Any CPU
		Release|Any CPU = Release|Any CPU
	EndGlobalSection
	GlobalSection(ProjectConfigurationPlatforms) = postSolution
		{DAD4E5ED-4865-4CCD-BA18-D0ED286D9BE1}.Debug|Any CPU.ActiveCfg = Debug|Any CPU
		{DAD4E5ED-4865-4CCD-BA18-D0ED286D9BE1}.Debug|Any CPU.Build.0 = Debug|Any CPU
		{DAD4E5ED-4865-4CCD-BA18-D0ED286D9BE1}.Release|Any CPU.ActiveCfg = Release|Any CPU
		{DAD4E5ED-4865-4CCD-BA18-D0ED286D9BE1}.Release|Any CPU.Build.0 = Release|Any CPU
	EndGlobalSection
	GlobalSection(SolutionProperties) = preSolution
		HideSolutionNode = FALSE
	EndGlobalSection
	GlobalSection(ExtensibilityGlobals) = postSolution
		SolutionGuid = {B20F7069-2A09-480E-95C5-C2496D281BA2}
	EndGlobalSection
EndGlobal
